
Microsoft Visual Studio Solution File, Format Version 12.00
# Visual Studio Version 17
VisualStudioVersion = 17.0.31903.59
MinimumVisualStudioVersion = 10.0.40219.1
Project("{FAE04EC0-301F-11D3-BF4B-00C04F79EFBC}") = "OddsScanner.Domain", "OddsScanner.Domain\OddsScanner.Domain.csproj", "{B11F262F-530A-454C-A397-A7E26203C598}"
EndProject
Project("{FAE04EC0-301F-11D3-BF4B-00C04F79EFBC}") = "OddsScanner.Application", "OddsScanner.Application\OddsScanner.Application.csproj", "{C5055FAE-4779-4B45-A107-2413CC6139B6}"
EndProject
Project("{FAE04EC0-301F-11D3-BF4B-00C04F79EFBC}") = "OddsScanner.Infrastructure", "OddsScanner.Infrastructure\OddsScanner.Infrastructure.csproj", "{13C7594E-700B-4130-881B-96E6B81522AB}"
EndProject
Project("{FAE04EC0-301F-11D3-BF4B-00C04F79EFBC}") = "OddsScanner.Api", "OddsScanner.Api\OddsScanner.Api.csproj", "{1D999E6E-C4BC-405B-B91E-998A7D71410F}"
EndProject
Project("{FAE04EC0-301F-11D3-BF4B-00C04F79EFBC}") = "OddsScanner.Tests", "OddsScanner.Tests\OddsScanner.Tests.csproj", "{472DFE09-76BE-4601-A751-3C225A59C70D}"
EndProject
Global
	GlobalSection(SolutionConfigurationPlatforms) = preSolution
		Debug|Any CPU = Debug|Any CPU
		Debug|x64 = Debug|x64
		Debug|x86 = Debug|x86
		Release|Any CPU = Release|Any CPU
		Release|x64 = Release|x64
		Release|x86 = Release|x86
	EndGlobalSection
	GlobalSection(ProjectConfigurationPlatforms) = postSolution
		{B11F262F-530A-454C-A397-A7E26203C598}.Debug|Any CPU.ActiveCfg = Debug|Any CPU
		{B11F262F-530A-454C-A397-A7E26203C598}.Debug|Any CPU.Build.0 = Debug|Any CPU
		{B11F262F-530A-454C-A397-A7E26203C598}.Debug|x64.ActiveCfg = Debug|Any CPU
		{B11F262F-530A-454C-A397-A7E26203C598}.Debug|x64.Build.0 = Debug|Any CPU
		{B11F262F-530A-454C-A397-A7E26203C598}.Debug|x86.ActiveCfg = Debug|Any CPU
		{B11F262F-530A-454C-A397-A7E26203C598}.Debug|x86.Build.0 = Debug|Any CPU
		{B11F262F-530A-454C-A397-A7E26203C598}.Release|Any CPU.ActiveCfg = Release|Any CPU
		{B11F262F-530A-454C-A397-A7E26203C598}.Release|Any CPU.Build.0 = Release|Any CPU
		{B11F262F-530A-454C-A397-A7E26203C598}.Release|x64.ActiveCfg = Release|Any CPU
		{B11F262F-530A-454C-A397-A7E26203C598}.Release|x64.Build.0 = Release|Any CPU
		{B11F262F-530A-454C-A397-A7E26203C598}.Release|x86.ActiveCfg = Release|Any CPU
		{B11F262F-530A-454C-A397-A7E26203C598}.Release|x86.Build.0 = Release|Any CPU
		{C5055FAE-4779-4B45-A107-2413CC6139B6}.Debug|Any CPU.ActiveCfg = Debug|Any CPU
		{C5055FAE-4779-4B45-A107-2413CC6139B6}.Debug|Any CPU.Build.0 = Debug|Any CPU
		{C5055FAE-4779-4B45-A107-2413CC6139B6}.Debug|x64.ActiveCfg = Debug|Any CPU
		{C5055FAE-4779-4B45-A107-2413CC6139B6}.Debug|x64.Build.0 = Debug|Any CPU
		{C5055FAE-4779-4B45-A107-2413CC6139B6}.Debug|x86.ActiveCfg = Debug|Any CPU
		{C5055FAE-4779-4B45-A107-2413CC6139B6}.Debug|x86.Build.0 = Debug|Any CPU
		{C5055FAE-4779-4B45-A107-2413CC6139B6}.Release|Any CPU.ActiveCfg = Release|Any CPU
		{C5055FAE-4779-4B45-A107-2413CC6139B6}.Release|Any CPU.Build.0 = Release|Any CPU
		{C5055FAE-4779-4B45-A107-2413CC6139B6}.Release|x64.ActiveCfg = Release|Any CPU
		{C5055FAE-4779-4B45-A107-2413CC6139B6}.Release|x64.Build.0 = Release|Any CPU
		{C5055FAE-4779-4B45-A107-2413CC6139B6}.Release|x86.ActiveCfg = Release|Any CPU
		{C5055FAE-4779-4B45-A107-2413CC6139B6}.Release|x86.Build.0 = Release|Any CPU
		{13C7594E-700B-4130-881B-96E6B81522AB}.Debug|Any CPU.ActiveCfg = Debug|Any CPU
		{13C7594E-700B-4130-881B-96E6B81522AB}.Debug|Any CPU.Build.0 = Debug|Any CPU
		{13C7594E-700B-4130-881B-96E6B81522AB}.Debug|x64.ActiveCfg = Debug|Any CPU
		{13C7594E-700B-4130-881B-96E6B81522AB}.Debug|x64.Build.0 = Debug|Any CPU
		{13C7594E-700B-4130-881B-96E6B81522AB}.Debug|x86.ActiveCfg = Debug|Any CPU
		{13C7594E-700B-4130-881B-96E6B81522AB}.Debug|x86.Build.0 = Debug|Any CPU
		{13C7594E-700B-4130-881B-96E6B81522AB}.Release|Any CPU.ActiveCfg = Release|Any CPU
		{13C7594E-700B-4130-881B-96E6B81522AB}.Release|Any CPU.Build.0 = Release|Any CPU
		{13C7594E-700B-4130-881B-96E6B81522AB}.Release|x64.ActiveCfg = Release|Any CPU
		{13C7594E-700B-4130-881B-96E6B81522AB}.Release|x64.Build.0 = Release|Any CPU
		{13C7594E-700B-4130-881B-96E6B81522AB}.Release|x86.ActiveCfg = Release|Any CPU
		{13C7594E-700B-4130-881B-96E6B81522AB}.Release|x86.Build.0 = Release|Any CPU
		{1D999E6E-C4BC-405B-B91E-998A7D71410F}.Debug|Any CPU.ActiveCfg = Debug|Any CPU
		{1D999E6E-C4BC-405B-B91E-998A7D71410F}.Debug|Any CPU.Build.0 = Debug|Any CPU
		{1D999E6E-C4BC-405B-B91E-998A7D71410F}.Debug|x64.ActiveCfg = Debug|Any CPU
		{1D999E6E-C4BC-405B-B91E-998A7D71410F}.Debug|x64.Build.0 = Debug|Any CPU
		{1D999E6E-C4BC-405B-B91E-998A7D71410F}.Debug|x86.ActiveCfg = Debug|Any CPU
		{1D999E6E-C4BC-405B-B91E-998A7D71410F}.Debug|x86.Build.0 = Debug|Any CPU
		{1D999E6E-C4BC-405B-B91E-998A7D71410F}.Release|Any CPU.ActiveCfg = Release|Any CPU
		{1D999E6E-C4BC-405B-B91E-998A7D71410F}.Release|Any CPU.Build.0 = Release|Any CPU
		{1D999E6E-C4BC-405B-B91E-998A7D71410F}.Release|x64.ActiveCfg = Release|Any CPU
		{1D999E6E-C4BC-405B-B91E-998A7D71410F}.Release|x64.Build.0 = Release|Any CPU
		{1D999E6E-C4BC-405B-B91E-998A7D71410F}.Release|x86.ActiveCfg = Release|Any CPU
		{1D999E6E-C4BC-405B-B91E-998A7D71410F}.Release|x86.Build.0 = Release|Any CPU
		{472DFE09-76BE-4601-A751-3C225A59C70D}.Debug|Any CPU.ActiveCfg = Debug|Any CPU
		{472DFE09-76BE-4601-A751-3C225A59C70D}.Debug|Any CPU.Build.0 = Debug|Any CPU
		{472DFE09-76BE-4601-A751-3C225A59C70D}.Debug|x64.ActiveCfg = Debug|Any CPU
		{472DFE09-76BE-4601-A751-3C225A59C70D}.Debug|x64.Build.0 = Debug|Any CPU
		{472DFE09-76BE-4601-A751-3C225A59C70D}.Debug|x86.ActiveCfg = Debug|Any CPU
		{472DFE09-76BE-4601-A751-3C225A59C70D}.Debug|x86.Build.0 = Debug|Any CPU
		{472DFE09-76BE-4601-A751-3C225A59C70D}.Release|Any CPU.ActiveCfg = Release|Any CPU
		{472DFE09-76BE-4601-A751-3C225A59C70D}.Release|Any CPU.Build.0 = Release|Any CPU
		{472DFE09-76BE-4601-A751-3C225A59C70D}.Release|x64.ActiveCfg = Release|Any CPU
		{472DFE09-76BE-4601-A751-3C225A59C70D}.Release|x64.Build.0 = Release|Any CPU
		{472DFE09-76BE-4601-A751-3C225A59C70D}.Release|x86.ActiveCfg = Release|Any CPU
		{472DFE09-76BE-4601-A751-3C225A59C70D}.Release|x86.Build.0 = Release|Any CPU
	EndGlobalSection
	GlobalSection(SolutionProperties) = preSolution
		HideSolutionNode = FALSE
	EndGlobalSection
EndGlobal
